
Microsoft Visual Studio Solution File, Format Version 12.00
# Visual Studio Version 17
VisualStudioVersion = 17.5.33516.290
MinimumVisualStudioVersion = 10.0.40219.1
Project("{9A19103F-16F7-4668-BE54-9A1E7A4F7556}") = "Personal.Soft.API", "Personal.Soft.API\Personal.Soft.API.csproj", "{ED79DE4B-DF18-4677-A6FE-489F77E8C329}"
EndProject
Project("{9A19103F-16F7-4668-BE54-9A1E7A4F7556}") = "Personal.Soft.Domain", "Personal.Soft.Domain\Personal.Soft.Domain.csproj", "{2FAAA150-9EA3-486A-B573-0A4137A5F027}"
EndProject
Project("{9A19103F-16F7-4668-BE54-9A1E7A4F7556}") = "Personal.Soft.Infraestructure", "Personal.Soft.Infraestructure\Personal.Soft.Infraestructure.csproj", "{9A6457BA-BE78-4B44-A5CA-E34076EC0A3E}"
EndProject
Project("{9A19103F-16F7-4668-BE54-9A1E7A4F7556}") = "Personal.Soft.Presentation", "Personal.Soft.Presentation\Personal.Soft.Presentation.csproj", "{DDDDA557-32B6-4EDF-880B-103A9B4D325B}"
EndProject
Project("{FAE04EC0-301F-11D3-BF4B-00C04F79EFBC}") = "Personal.Soft.TEST", "Personal.Soft.TEST\Personal.Soft.TEST.csproj", "{FDA422F4-6E80-46C1-A7C1-EF871F4CFAEF}"
EndProject
Global
	GlobalSection(SolutionConfigurationPlatforms) = preSolution
		Debug|Any CPU = Debug|Any CPU
		Release|Any CPU = Release|Any CPU
	EndGlobalSection
	GlobalSection(ProjectConfigurationPlatforms) = postSolution
		{ED79DE4B-DF18-4677-A6FE-489F77E8C329}.Debug|Any CPU.ActiveCfg = Debug|Any CPU
		{ED79DE4B-DF18-4677-A6FE-489F77E8C329}.Debug|Any CPU.Build.0 = Debug|Any CPU
		{ED79DE4B-DF18-4677-A6FE-489F77E8C329}.Release|Any CPU.ActiveCfg = Release|Any CPU
		{ED79DE4B-DF18-4677-A6FE-489F77E8C329}.Release|Any CPU.Build.0 = Release|Any CPU
		{2FAAA150-9EA3-486A-B573-0A4137A5F027}.Debug|Any CPU.ActiveCfg = Debug|Any CPU
		{2FAAA150-9EA3-486A-B573-0A4137A5F027}.Debug|Any CPU.Build.0 = Debug|Any CPU
		{2FAAA150-9EA3-486A-B573-0A4137A5F027}.Release|Any CPU.ActiveCfg = Release|Any CPU
		{2FAAA150-9EA3-486A-B573-0A4137A5F027}.Release|Any CPU.Build.0 = Release|Any CPU
		{9A6457BA-BE78-4B44-A5CA-E34076EC0A3E}.Debug|Any CPU.ActiveCfg = Debug|Any CPU
		{9A6457BA-BE78-4B44-A5CA-E34076EC0A3E}.Debug|Any CPU.Build.0 = Debug|Any CPU
		{9A6457BA-BE78-4B44-A5CA-E34076EC0A3E}.Release|Any CPU.ActiveCfg = Release|Any CPU
		{9A6457BA-BE78-4B44-A5CA-E34076EC0A3E}.Release|Any CPU.Build.0 = Release|Any CPU
		{DDDDA557-32B6-4EDF-880B-103A9B4D325B}.Debug|Any CPU.ActiveCfg = Debug|Any CPU
		{DDDDA557-32B6-4EDF-880B-103A9B4D325B}.Debug|Any CPU.Build.0 = Debug|Any CPU
		{DDDDA557-32B6-4EDF-880B-103A9B4D325B}.Release|Any CPU.ActiveCfg = Release|Any CPU
		{DDDDA557-32B6-4EDF-880B-103A9B4D325B}.Release|Any CPU.Build.0 = Release|Any CPU
		{FDA422F4-6E80-46C1-A7C1-EF871F4CFAEF}.Debug|Any CPU.ActiveCfg = Debug|Any CPU
		{FDA422F4-6E80-46C1-A7C1-EF871F4CFAEF}.Debug|Any CPU.Build.0 = Debug|Any CPU
		{FDA422F4-6E80-46C1-A7C1-EF871F4CFAEF}.Release|Any CPU.ActiveCfg = Release|Any CPU
		{FDA422F4-6E80-46C1-A7C1-EF871F4CFAEF}.Release|Any CPU.Build.0 = Release|Any CPU
	EndGlobalSection
	GlobalSection(SolutionProperties) = preSolution
		HideSolutionNode = FALSE
	EndGlobalSection
	GlobalSection(ExtensibilityGlobals) = postSolution
		SolutionGuid = {38AE6CF6-F0CF-4477-B0C2-F31C32DB8EE3}
	EndGlobalSection
EndGlobal
